<?xml version="1.0" encoding="UTF-8"?>
<CodeBlocks_project_file>
	<FileVersion major="1" minor="6"/>
	<Project>
		<Option title="genetic"/>
		<Option makefile_is_custom="1"/>
		<Option compiler="gcc"/>
		<Option virtualFolders="CMake Files\;"/>
		<Build>
			<Target title="all">
				<Option working_dir="/home/kapiton/workspace/build-live-Desktop-u041eu0442u043bu0430u0434u043au0430"/>
				<Option type="4"/>
				<MakeCommands>
					<Build command="/usr/bin/make -j8 -f &quot;/home/kapiton/workspace/build-live-Desktop-u041eu0442u043bu0430u0434u043au0430/Makefile&quot;  VERBOSE=1 all"/>
					<CompileFile command="/usr/bin/make -j8 -f &quot;/home/kapiton/workspace/build-live-Desktop-u041eu0442u043bu0430u0434u043au0430/Makefile&quot;  VERBOSE=1 &quot;$file&quot;"/>
					<Clean command="/usr/bin/make -j8 -f &quot;/home/kapiton/workspace/build-live-Desktop-u041eu0442u043bu0430u0434u043au0430/Makefile&quot;  VERBOSE=1 clean"/>
					<DistClean command="/usr/bin/make -j8 -f &quot;/home/kapiton/workspace/build-live-Desktop-u041eu0442u043bu0430u0434u043au0430/Makefile&quot;  VERBOSE=1 clean"/>
				</MakeCommands>
			</Target>
			<Target title="rebuild_cache">
				<Option working_dir="/home/kapiton/workspace/build-live-Desktop-u041eu0442u043bu0430u0434u043au0430"/>
				<Option type="4"/>
				<MakeCommands>
					<Build command="/usr/bin/make -j8 -f &quot;/home/kapiton/workspace/build-live-Desktop-u041eu0442u043bu0430u0434u043au0430/Makefile&quot;  VERBOSE=1 rebuild_cache"/>
					<CompileFile command="/usr/bin/make -j8 -f &quot;/home/kapiton/workspace/build-live-Desktop-u041eu0442u043bu0430u0434u043au0430/Makefile&quot;  VERBOSE=1 &quot;$file&quot;"/>
					<Clean command="/usr/bin/make -j8 -f &quot;/home/kapiton/workspace/build-live-Desktop-u041eu0442u043bu0430u0434u043au0430/Makefile&quot;  VERBOSE=1 clean"/>
					<DistClean command="/usr/bin/make -j8 -f &quot;/home/kapiton/workspace/build-live-Desktop-u041eu0442u043bu0430u0434u043au0430/Makefile&quot;  VERBOSE=1 clean"/>
				</MakeCommands>
			</Target>
			<Target title="edit_cache">
				<Option working_dir="/home/kapiton/workspace/build-live-Desktop-u041eu0442u043bu0430u0434u043au0430"/>
				<Option type="4"/>
				<MakeCommands>
					<Build command="/usr/bin/make -j8 -f &quot;/home/kapiton/workspace/build-live-Desktop-u041eu0442u043bu0430u0434u043au0430/Makefile&quot;  VERBOSE=1 edit_cache"/>
					<CompileFile command="/usr/bin/make -j8 -f &quot;/home/kapiton/workspace/build-live-Desktop-u041eu0442u043bu0430u0434u043au0430/Makefile&quot;  VERBOSE=1 &quot;$file&quot;"/>
					<Clean command="/usr/bin/make -j8 -f &quot;/home/kapiton/workspace/build-live-Desktop-u041eu0442u043bu0430u0434u043au0430/Makefile&quot;  VERBOSE=1 clean"/>
					<DistClean command="/usr/bin/make -j8 -f &quot;/home/kapiton/workspace/build-live-Desktop-u041eu0442u043bu0430u0434u043au0430/Makefile&quot;  VERBOSE=1 clean"/>
				</MakeCommands>
			</Target>
			<Target title="genetic">
				<Option output="/home/kapiton/workspace/build-live-Desktop-u041eu0442u043bu0430u0434u043au0430/genetic" prefix_auto="0" extension_auto="0"/>
				<Option working_dir="/home/kapiton/workspace/build-live-Desktop-u041eu0442u043bu0430u0434u043au0430"/>
				<Option object_output="./"/>
				<Option type="1"/>
				<Option compiler="gcc"/>
				<Compiler>
					<Add directory="/usr/include/c++/6"/>
					<Add directory="/usr/include/x86_64-linux-gnu/c++/6"/>
					<Add directory="/usr/include/c++/6/backward"/>
					<Add directory="/usr/lib/gcc/x86_64-linux-gnu/6/include"/>
					<Add directory="/usr/local/include"/>
					<Add directory="/usr/lib/gcc/x86_64-linux-gnu/6/include-fixed"/>
					<Add directory="/usr/include/x86_64-linux-gnu"/>
					<Add directory="/usr/include"/>
				</Compiler>
				<MakeCommands>
					<Build command="/usr/bin/make -j8 -f &quot;/home/kapiton/workspace/build-live-Desktop-u041eu0442u043bu0430u0434u043au0430/Makefile&quot;  VERBOSE=1 genetic"/>
					<CompileFile command="/usr/bin/make -j8 -f &quot;/home/kapiton/workspace/build-live-Desktop-u041eu0442u043bu0430u0434u043au0430/Makefile&quot;  VERBOSE=1 &quot;$file&quot;"/>
					<Clean command="/usr/bin/make -j8 -f &quot;/home/kapiton/workspace/build-live-Desktop-u041eu0442u043bu0430u0434u043au0430/Makefile&quot;  VERBOSE=1 clean"/>
					<DistClean command="/usr/bin/make -j8 -f &quot;/home/kapiton/workspace/build-live-Desktop-u041eu0442u043bu0430u0434u043au0430/Makefile&quot;  VERBOSE=1 clean"/>
				</MakeCommands>
			</Target>
			<Target title="genetic/fast">
				<Option output="/home/kapiton/workspace/build-live-Desktop-u041eu0442u043bu0430u0434u043au0430/genetic" prefix_auto="0" extension_auto="0"/>
				<Option working_dir="/home/kapiton/workspace/build-live-Desktop-u041eu0442u043bu0430u0434u043au0430"/>
				<Option object_output="./"/>
				<Option type="1"/>
				<Option compiler="gcc"/>
				<Compiler>
					<Add directory="/usr/include/c++/6"/>
					<Add directory="/usr/include/x86_64-linux-gnu/c++/6"/>
					<Add directory="/usr/include/c++/6/backward"/>
					<Add directory="/usr/lib/gcc/x86_64-linux-gnu/6/include"/>
					<Add directory="/usr/local/include"/>
					<Add directory="/usr/lib/gcc/x86_64-linux-gnu/6/include-fixed"/>
					<Add directory="/usr/include/x86_64-linux-gnu"/>
					<Add directory="/usr/include"/>
				</Compiler>
				<MakeCommands>
					<Build command="/usr/bin/make -j8 -f &quot;/home/kapiton/workspace/build-live-Desktop-u041eu0442u043bu0430u0434u043au0430/Makefile&quot;  VERBOSE=1 genetic/fast"/>
					<CompileFile command="/usr/bin/make -j8 -f &quot;/home/kapiton/workspace/build-live-Desktop-u041eu0442u043bu0430u0434u043au0430/Makefile&quot;  VERBOSE=1 &quot;$file&quot;"/>
					<Clean command="/usr/bin/make -j8 -f &quot;/home/kapiton/workspace/build-live-Desktop-u041eu0442u043bu0430u0434u043au0430/Makefile&quot;  VERBOSE=1 clean"/>
					<DistClean command="/usr/bin/make -j8 -f &quot;/home/kapiton/workspace/build-live-Desktop-u041eu0442u043bu0430u0434u043au0430/Makefile&quot;  VERBOSE=1 clean"/>
				</MakeCommands>
			</Target>
		</Build>
		<Unit filename="/home/kapiton/workspace/live/include/Barrier.h">
			<Option target="genetic"/>
		</Unit>
		<Unit filename="/home/kapiton/workspace/live/include/Listner.h">
			<Option target="genetic"/>
		</Unit>
		<Unit filename="/home/kapiton/workspace/live/include/Loader.h">
			<Option target="genetic"/>
		</Unit>
		<Unit filename="/home/kapiton/workspace/live/include/MapController.h">
			<Option target="genetic"/>
		</Unit>
		<Unit filename="/home/kapiton/workspace/live/include/Provisions.h">
			<Option target="genetic"/>
		</Unit>
		<Unit filename="/home/kapiton/workspace/live/include/Stone.h">
			<Option target="genetic"/>
		</Unit>
		<Unit filename="/home/kapiton/workspace/live/include/ThreadController.h">
			<Option target="genetic"/>
		</Unit>
		<Unit filename="/home/kapiton/workspace/live/include/creature.h">
			<Option target="genetic"/>
		</Unit>
		<Unit filename="/home/kapiton/workspace/live/include/structurs.h">
			<Option target="genetic"/>
		</Unit>
		<Unit filename="/home/kapiton/workspace/live/main.cpp">
			<Option target="genetic"/>
		</Unit>
		<Unit filename="/home/kapiton/workspace/live/src/Barrier.cpp">
			<Option target="genetic"/>
		</Unit>
		<Unit filename="/home/kapiton/workspace/live/src/Creature.cpp">
			<Option target="genetic"/>
		</Unit>
		<Unit filename="/home/kapiton/workspace/live/src/Loader.cpp">
			<Option target="genetic"/>
		</Unit>
		<Unit filename="/home/kapiton/workspace/live/src/MapController.cpp">
			<Option target="genetic"/>
		</Unit>
		<Unit filename="/home/kapiton/workspace/live/src/Provisions.cpp">
			<Option target="genetic"/>
		</Unit>
		<Unit filename="/home/kapiton/workspace/live/src/Stone.cpp">
			<Option target="genetic"/>
		</Unit>
		<Unit filename="/home/kapiton/workspace/live/src/ThreadController.cpp">
			<Option target="genetic"/>
		</Unit>
		<Unit filename="/home/kapiton/workspace/live/CMakeLists.txt">
			<Option virtualFolder="CMake Files\"/>
		</Unit>
	</Project>
</CodeBlocks_project_file>
